
Microsoft Visual Studio Solution File, Format Version 12.00
# Visual Studio Version 17
VisualStudioVersion = 17.7.34202.233
MinimumVisualStudioVersion = 10.0.40219.1
Project("{8BC9CEB8-8B4A-11D0-8D11-00A0C91BC942}") = "stdin&stdout", "stdin&stdout.vcxproj", "{B4AF937C-8354-4864-B692-A1B34FE79391}"
EndProject
Global
	GlobalSection(SolutionConfigurationPlatforms) = preSolution
		Debug|x64 = Debug|x64
		Debug|x86 = Debug|x86
		Release|x64 = Release|x64
		Release|x86 = Release|x86
	EndGlobalSection
	GlobalSection(ProjectConfigurationPlatforms) = postSolution
		{B4AF937C-8354-4864-B692-A1B34FE79391}.Debug|x64.ActiveCfg = Debug|x64
		{B4AF937C-8354-4864-B692-A1B34FE79391}.Debug|x64.Build.0 = Debug|x64
		{B4AF937C-8354-4864-B692-A1B34FE79391}.Debug|x86.ActiveCfg = Debug|Win32
		{B4AF937C-8354-4864-B692-A1B34FE79391}.Debug|x86.Build.0 = Debug|Win32
		{B4AF937C-8354-4864-B692-A1B34FE79391}.Release|x64.ActiveCfg = Release|x64
		{B4AF937C-8354-4864-B692-A1B34FE79391}.Release|x64.Build.0 = Release|x64
		{B4AF937C-8354-4864-B692-A1B34FE79391}.Release|x86.ActiveCfg = Release|Win32
		{B4AF937C-8354-4864-B692-A1B34FE79391}.Release|x86.Build.0 = Release|Win32
	EndGlobalSection
	GlobalSection(SolutionProperties) = preSolution
		HideSolutionNode = FALSE
	EndGlobalSection
	GlobalSection(ExtensibilityGlobals) = postSolution
		SolutionGuid = {C950371C-1CDE-48B9-BAC9-D55060CB79D7}
	EndGlobalSection
EndGlobal
