
Microsoft Visual Studio Solution File, Format Version 12.00
# Visual Studio Version 17
VisualStudioVersion = 17.7.34202.233
MinimumVisualStudioVersion = 10.0.40219.1
Project("{8BC9CEB8-8B4A-11D0-8D11-00A0C91BC942}") = "Somme_di_pesi1", "Somme_di_pesi1.vcxproj", "{A8C42EDC-E511-4932-9D20-6D9DD413125B}"
EndProject
Global
	GlobalSection(SolutionConfigurationPlatforms) = preSolution
		Debug|x64 = Debug|x64
		Debug|x86 = Debug|x86
		Release|x64 = Release|x64
		Release|x86 = Release|x86
	EndGlobalSection
	GlobalSection(ProjectConfigurationPlatforms) = postSolution
		{A8C42EDC-E511-4932-9D20-6D9DD413125B}.Debug|x64.ActiveCfg = Debug|x64
		{A8C42EDC-E511-4932-9D20-6D9DD413125B}.Debug|x64.Build.0 = Debug|x64
		{A8C42EDC-E511-4932-9D20-6D9DD413125B}.Debug|x86.ActiveCfg = Debug|Win32
		{A8C42EDC-E511-4932-9D20-6D9DD413125B}.Debug|x86.Build.0 = Debug|Win32
		{A8C42EDC-E511-4932-9D20-6D9DD413125B}.Release|x64.ActiveCfg = Release|x64
		{A8C42EDC-E511-4932-9D20-6D9DD413125B}.Release|x64.Build.0 = Release|x64
		{A8C42EDC-E511-4932-9D20-6D9DD413125B}.Release|x86.ActiveCfg = Release|Win32
		{A8C42EDC-E511-4932-9D20-6D9DD413125B}.Release|x86.Build.0 = Release|Win32
	EndGlobalSection
	GlobalSection(SolutionProperties) = preSolution
		HideSolutionNode = FALSE
	EndGlobalSection
	GlobalSection(ExtensibilityGlobals) = postSolution
		SolutionGuid = {29A0D331-4990-44B5-AD72-2598F4BAEEB3}
	EndGlobalSection
EndGlobal
