
Microsoft Visual Studio Solution File, Format Version 12.00
# Visual Studio Version 17
VisualStudioVersion = 17.8.34330.188
MinimumVisualStudioVersion = 10.0.40219.1
Project("{8BC9CEB8-8B4A-11D0-8D11-00A0C91BC942}") = "Punti_in_cerchio", "Punti_in_cerchio.vcxproj", "{E9ACED10-C483-485F-8956-8D936D94C799}"
EndProject
Global
	GlobalSection(SolutionConfigurationPlatforms) = preSolution
		Debug|x64 = Debug|x64
		Debug|x86 = Debug|x86
		Release|x64 = Release|x64
		Release|x86 = Release|x86
	EndGlobalSection
	GlobalSection(ProjectConfigurationPlatforms) = postSolution
		{E9ACED10-C483-485F-8956-8D936D94C799}.Debug|x64.ActiveCfg = Debug|x64
		{E9ACED10-C483-485F-8956-8D936D94C799}.Debug|x64.Build.0 = Debug|x64
		{E9ACED10-C483-485F-8956-8D936D94C799}.Debug|x86.ActiveCfg = Debug|Win32
		{E9ACED10-C483-485F-8956-8D936D94C799}.Debug|x86.Build.0 = Debug|Win32
		{E9ACED10-C483-485F-8956-8D936D94C799}.Release|x64.ActiveCfg = Release|x64
		{E9ACED10-C483-485F-8956-8D936D94C799}.Release|x64.Build.0 = Release|x64
		{E9ACED10-C483-485F-8956-8D936D94C799}.Release|x86.ActiveCfg = Release|Win32
		{E9ACED10-C483-485F-8956-8D936D94C799}.Release|x86.Build.0 = Release|Win32
	EndGlobalSection
	GlobalSection(SolutionProperties) = preSolution
		HideSolutionNode = FALSE
	EndGlobalSection
	GlobalSection(ExtensibilityGlobals) = postSolution
		SolutionGuid = {F0C70B13-D0A1-4A0A-8627-645055BAC341}
	EndGlobalSection
EndGlobal
