
Microsoft Visual Studio Solution File, Format Version 12.00
# Visual Studio Version 17
VisualStudioVersion = 17.8.34330.188
MinimumVisualStudioVersion = 10.0.40219.1
Project("{8BC9CEB8-8B4A-11D0-8D11-00A0C91BC942}") = "test_read_per_matec", "test_read_per_matec.vcxproj", "{170034B3-C115-47DE-A8CE-5ECA973C46DD}"
EndProject
Global
	GlobalSection(SolutionConfigurationPlatforms) = preSolution
		Debug|x64 = Debug|x64
		Debug|x86 = Debug|x86
		Release|x64 = Release|x64
		Release|x86 = Release|x86
	EndGlobalSection
	GlobalSection(ProjectConfigurationPlatforms) = postSolution
		{170034B3-C115-47DE-A8CE-5ECA973C46DD}.Debug|x64.ActiveCfg = Debug|x64
		{170034B3-C115-47DE-A8CE-5ECA973C46DD}.Debug|x64.Build.0 = Debug|x64
		{170034B3-C115-47DE-A8CE-5ECA973C46DD}.Debug|x86.ActiveCfg = Debug|Win32
		{170034B3-C115-47DE-A8CE-5ECA973C46DD}.Debug|x86.Build.0 = Debug|Win32
		{170034B3-C115-47DE-A8CE-5ECA973C46DD}.Release|x64.ActiveCfg = Release|x64
		{170034B3-C115-47DE-A8CE-5ECA973C46DD}.Release|x64.Build.0 = Release|x64
		{170034B3-C115-47DE-A8CE-5ECA973C46DD}.Release|x86.ActiveCfg = Release|Win32
		{170034B3-C115-47DE-A8CE-5ECA973C46DD}.Release|x86.Build.0 = Release|Win32
	EndGlobalSection
	GlobalSection(SolutionProperties) = preSolution
		HideSolutionNode = FALSE
	EndGlobalSection
	GlobalSection(ExtensibilityGlobals) = postSolution
		SolutionGuid = {9CD4A815-B49F-4B9B-915B-DE6D6E8CB4F2}
	EndGlobalSection
EndGlobal
