
Microsoft Visual Studio Solution File, Format Version 12.00
# Visual Studio Version 17
VisualStudioVersion = 17.8.34330.188
MinimumVisualStudioVersion = 10.0.40219.1
Project("{8BC9CEB8-8B4A-11D0-8D11-00A0C91BC942}") = "Translate", "Translate.vcxproj", "{D7FF387D-BAD5-4BEB-B96E-AE7EF400B259}"
EndProject
Global
	GlobalSection(SolutionConfigurationPlatforms) = preSolution
		Debug|x64 = Debug|x64
		Debug|x86 = Debug|x86
		Release|x64 = Release|x64
		Release|x86 = Release|x86
	EndGlobalSection
	GlobalSection(ProjectConfigurationPlatforms) = postSolution
		{D7FF387D-BAD5-4BEB-B96E-AE7EF400B259}.Debug|x64.ActiveCfg = Debug|x64
		{D7FF387D-BAD5-4BEB-B96E-AE7EF400B259}.Debug|x64.Build.0 = Debug|x64
		{D7FF387D-BAD5-4BEB-B96E-AE7EF400B259}.Debug|x86.ActiveCfg = Debug|Win32
		{D7FF387D-BAD5-4BEB-B96E-AE7EF400B259}.Debug|x86.Build.0 = Debug|Win32
		{D7FF387D-BAD5-4BEB-B96E-AE7EF400B259}.Release|x64.ActiveCfg = Release|x64
		{D7FF387D-BAD5-4BEB-B96E-AE7EF400B259}.Release|x64.Build.0 = Release|x64
		{D7FF387D-BAD5-4BEB-B96E-AE7EF400B259}.Release|x86.ActiveCfg = Release|Win32
		{D7FF387D-BAD5-4BEB-B96E-AE7EF400B259}.Release|x86.Build.0 = Release|Win32
	EndGlobalSection
	GlobalSection(SolutionProperties) = preSolution
		HideSolutionNode = FALSE
	EndGlobalSection
	GlobalSection(ExtensibilityGlobals) = postSolution
		SolutionGuid = {8D66550F-69CC-4721-A302-BBB04E4651B1}
	EndGlobalSection
EndGlobal
